{
  "name": "apollo",
  "version": "1.0.0",
  "lockfileVersion": 1,
  "requires": true,
  "dependencies": {
    "modularscale-sass": {
      "version": "3.0.3",
      "resolved": "https://registry.npmjs.org/modularscale-sass/-/modularscale-sass-3.0.3.tgz",
      "integrity": "sha1-9RvX5O07xCVm39LBw8EfgPtd6Vg=",
      "dev": true
    },
    "normalize.css": {
      "version": "7.0.0",
      "resolved": "https://registry.npmjs.org/normalize.css/-/normalize.css-7.0.0.tgz",
      "integrity": "sha1-q/sd2CRwZ04DIrU86xqvQSk45L8="
    }
  }
}
